
Microsoft Visual Studio Solution File, Format Version 12.00
# Visual Studio Version 16
VisualStudioVersion = 16.0.31624.102
MinimumVisualStudioVersion = 10.0.40219.1
Project("{8BC9CEB8-8B4A-11D0-8D11-00A0C91BC942}") = "Chess", "Chess\Chess.vcxproj", "{64BA8A65-2011-4CB3-B430-AD452D020C76}"
EndProject
Global
	GlobalSection(SolutionConfigurationPlatforms) = preSolution
		Debug|x64 = Debug|x64
		Debug|x86 = Debug|x86
		Release|x64 = Release|x64
		Release|x86 = Release|x86
	EndGlobalSection
	GlobalSection(ProjectConfigurationPlatforms) = postSolution
		{64BA8A65-2011-4CB3-B430-AD452D020C76}.Debug|x64.ActiveCfg = Debug|x64
		{64BA8A65-2011-4CB3-B430-AD452D020C76}.Debug|x64.Build.0 = Debug|x64
		{64BA8A65-2011-4CB3-B430-AD452D020C76}.Debug|x86.ActiveCfg = Debug|Win32
		{64BA8A65-2011-4CB3-B430-AD452D020C76}.Debug|x86.Build.0 = Debug|Win32
		{64BA8A65-2011-4CB3-B430-AD452D020C76}.Release|x64.ActiveCfg = Release|x64
		{64BA8A65-2011-4CB3-B430-AD452D020C76}.Release|x64.Build.0 = Release|x64
		{64BA8A65-2011-4CB3-B430-AD452D020C76}.Release|x86.ActiveCfg = Release|Win32
		{64BA8A65-2011-4CB3-B430-AD452D020C76}.Release|x86.Build.0 = Release|Win32
	EndGlobalSection
	GlobalSection(SolutionProperties) = preSolution
		HideSolutionNode = FALSE
	EndGlobalSection
	GlobalSection(ExtensibilityGlobals) = postSolution
		SolutionGuid = {71A97BB2-D784-42BA-B5C5-6D251AA6EEF7}
	EndGlobalSection
EndGlobal
